{
  "name": "com_sys_css",
  "lockfileVersion": 2,
  "requires": true,
  "packages": {
    "": {
      "dependencies": {
        "cocoon": "github:nathanvda/cocoon#c24ba53",
        "cocoon-js-vanilla": "^1.3.0"
      }
    },
    "node_modules/cocoon": {
      "version": "1.2.10",
      "resolved": "git+ssh://git@github.com/nathanvda/cocoon.git#c24ba53b40e688e7d8b7212824139ec7f352a242",
      "license": "MIT"
    },
    "node_modules/cocoon-js-vanilla": {
      "version": "1.3.0",
      "resolved": "https://registry.npmjs.org/cocoon-js-vanilla/-/cocoon-js-vanilla-1.3.0.tgz",
      "integrity": "sha512-rMnbfW6oFhvELUg141vfqZKzsowfLJRxs5FksfmDr1ZBs6LTNVYE63NQyvgRqyYUOK54cKKbI+V83dQKeeRuPg=="
    }
  },
  "dependencies": {
    "cocoon": {
      "version": "git+ssh://git@github.com/nathanvda/cocoon.git#c24ba53b40e688e7d8b7212824139ec7f352a242",
      "from": "cocoon@github:nathanvda/cocoon#c24ba53"
    },
    "cocoon-js-vanilla": {
      "version": "1.3.0",
      "resolved": "https://registry.npmjs.org/cocoon-js-vanilla/-/cocoon-js-vanilla-1.3.0.tgz",
      "integrity": "sha512-rMnbfW6oFhvELUg141vfqZKzsowfLJRxs5FksfmDr1ZBs6LTNVYE63NQyvgRqyYUOK54cKKbI+V83dQKeeRuPg=="
    }
  }
}
